
Microsoft Visual Studio Solution File, Format Version 12.00
# Visual Studio 15
Project("{FAE04EC0-301F-11D3-BF4B-00C04F79EFBC}") = "Assembly-CSharp", "Assembly-CSharp.csproj", "{0325BC07-8664-CC5D-CABE-A30A92AA3951}"
EndProject
Project("{FAE04EC0-301F-11D3-BF4B-00C04F79EFBC}") = "Assembly-CSharp-Editor", "Assembly-CSharp-Editor.csproj", "{7953F603-4087-2DD3-D376-1699C0780028}"
EndProject
Global
	GlobalSection(SolutionConfigurationPlatforms) = preSolution
		Debug|Any CPU = Debug|Any CPU
		Release|Any CPU = Release|Any CPU
	EndGlobalSection
	GlobalSection(ProjectConfigurationPlatforms) = postSolution
		{0325BC07-8664-CC5D-CABE-A30A92AA3951}.Debug|Any CPU.ActiveCfg = Debug|Any CPU
		{0325BC07-8664-CC5D-CABE-A30A92AA3951}.Debug|Any CPU.Build.0 = Debug|Any CPU
		{0325BC07-8664-CC5D-CABE-A30A92AA3951}.Release|Any CPU.ActiveCfg = Release|Any CPU
		{0325BC07-8664-CC5D-CABE-A30A92AA3951}.Release|Any CPU.Build.0 = Release|Any CPU
		{7953F603-4087-2DD3-D376-1699C0780028}.Debug|Any CPU.ActiveCfg = Debug|Any CPU
		{7953F603-4087-2DD3-D376-1699C0780028}.Debug|Any CPU.Build.0 = Debug|Any CPU
		{7953F603-4087-2DD3-D376-1699C0780028}.Release|Any CPU.ActiveCfg = Release|Any CPU
		{7953F603-4087-2DD3-D376-1699C0780028}.Release|Any CPU.Build.0 = Release|Any CPU
	EndGlobalSection
	GlobalSection(SolutionProperties) = preSolution
		HideSolutionNode = FALSE
	EndGlobalSection
EndGlobal
